<?xml version="1.0" encoding="utf-8"?>
<Project ToolsVersion="4.0" xmlns="http://schemas.microsoft.com/developer/msbuild/2003">
  <ItemGroup>
    <Filter Include="Resource Files">
      <UniqueIdentifier>{67DA6AB6-F800-4c08-8B7A-83BB121AAD01}</UniqueIdentifier>
      <Extensions>rc;ico;cur;bmp;dlg;rc2;rct;bin;rgs;gif;jpg;jpeg;jpe;resx;tiff;tif;png;wav;mfcribbon-ms</Extensions>
    </Filter>
    <Filter Include="Graphics">
      <UniqueIdentifier>{d8c90dee-7043-402a-b937-6c6ff6c79c62}</UniqueIdentifier>
    </Filter>
    <Filter Include="Core">
      <UniqueIdentifier>{d54843d4-5435-405f-adaf-f59f410d69c6}</UniqueIdentifier>
    </Filter>
    <Filter Include="Utilities">
      <UniqueIdentifier>{8592da8f-efa1-4542-b164-6ec1230464e0}</UniqueIdentifier>
    </Filter>
    <Filter Include="Shaders">
      <UniqueIdentifier>{2dde526a-ea50-449b-b97f-27b291bf6a9e}</UniqueIdentifier>
    </Filter>
    <Filter Include="Math">
      <UniqueIdentifier>{d965eda0-96ee-4088-ae8d-f7f3f89d826e}</UniqueIdentifier>
    </Filter>
  </ItemGroup>
  <ItemGroup>
    <ClCompile Include="GraphicsContext.cpp">
      <Filter>Graphics</Filter>
    </ClCompile>
    <ClCompile Include="main.cpp" />
    <ClCompile Include="Application.cpp">
      <Filter>Core</Filter>
    </ClCompile>
    <ClCompile Include="Shader.cpp">
      <Filter>Graphics</Filter>
    </ClCompile>
    <ClCompile Include="GLUtil.cpp">
      <Filter>Utilities</Filter>
    </ClCompile>
    <ClCompile Include="Geometry.cpp">
      <Filter>Graphics</Filter>
    </ClCompile>
    <ClCompile Include="GameObject.cpp">
      <Filter>Core</Filter>
    </ClCompile>
    <ClCompile Include="Scene.cpp">
      <Filter>Core</Filter>
    </ClCompile>
    <ClCompile Include="CameraComponent.cpp">
      <Filter>Core</Filter>
    </ClCompile>
    <ClCompile Include="Component.cpp">
      <Filter>Core</Filter>
    </ClCompile>
    <ClCompile Include="fft.cc">
      <Filter>Math</Filter>
    </ClCompile>
    <ClCompile Include="OceanComponent.cpp">
      <Filter>Core</Filter>
    </ClCompile>
    <ClCompile Include="my_complex.cc">
      <Filter>Math</Filter>
    </ClCompile>
    <ClCompile Include="BasicIO.cpp">
      <Filter>Core</Filter>
    </ClCompile>
    <ClCompile Include="TerrainComponent.cpp">
      <Filter>Core</Filter>
    </ClCompile>
  </ItemGroup>
  <ItemGroup>
    <ClInclude Include="GraphicsContext.h">
      <Filter>Graphics</Filter>
    </ClInclude>
    <ClInclude Include="Application.h">
      <Filter>Core</Filter>
    </ClInclude>
    <ClInclude Include="Types.h">
      <Filter>Core</Filter>
    </ClInclude>
    <ClInclude Include="DebugUtil.h">
      <Filter>Utilities</Filter>
    </ClInclude>
    <ClInclude Include="Shader.h">
      <Filter>Graphics</Filter>
    </ClInclude>
    <ClInclude Include="GLUtil.h">
      <Filter>Utilities</Filter>
    </ClInclude>
    <ClInclude Include="BasicIO.h">
      <Filter>Core</Filter>
    </ClInclude>
    <ClInclude Include="Geometry.h">
      <Filter>Graphics</Filter>
    </ClInclude>
    <ClInclude Include="GameObject.h">
      <Filter>Core</Filter>
    </ClInclude>
    <ClInclude Include="Scene.h">
      <Filter>Core</Filter>
    </ClInclude>
    <ClInclude Include="CameraComponent.h">
      <Filter>Core</Filter>
    </ClInclude>
    <ClInclude Include="Component.h">
      <Filter>Core</Filter>
    </ClInclude>
    <ClInclude Include="fft.h">
      <Filter>Math</Filter>
    </ClInclude>
    <ClInclude Include="OceanComponent.h">
      <Filter>Core</Filter>
    </ClInclude>
    <ClInclude Include="my_complex.h">
      <Filter>Math</Filter>
    </ClInclude>
    <ClInclude Include="TerrainComponent.h">
      <Filter>Core</Filter>
    </ClInclude>
  </ItemGroup>
  <ItemGroup>
    <None Include="..\Assets\Shaders\test_vs.glsl">
      <Filter>Shaders</Filter>
    </None>
    <None Include="..\Assets\Shaders\test_fs.glsl">
      <Filter>Shaders</Filter>
    </None>
    <None Include="Math.h">
      <Filter>Math</Filter>
    </None>
    <None Include="..\Assets\Shaders\terrain_fs.glsl">
      <Filter>Shaders</Filter>
    </None>
    <None Include="..\Assets\Shaders\terrain_vs.glsl">
      <Filter>Shaders</Filter>
    </None>
    <None Include="..\Assets\Shaders\skybox_vs.glsl">
      <Filter>Shaders</Filter>
    </None>
    <None Include="..\Assets\Shaders\skybox_fs.glsl">
      <Filter>Shaders</Filter>
    </None>
  </ItemGroup>
</Project>